
Microsoft Visual Studio Solution File, Format Version 12.00
# Visual Studio Version 16
VisualStudioVersion = 16.0.29709.97
MinimumVisualStudioVersion = 10.0.40219.1
Project("{FAE04EC0-301F-11D3-BF4B-00C04F79EFBC}") = "EntityFramework.Query", "EntityFramework.Query\EntityFramework.Query.csproj", "{6B7A9F43-381F-43C4-8F2B-75C35B23DFEF}"
EndProject
Project("{FAE04EC0-301F-11D3-BF4B-00C04F79EFBC}") = "Sol_Test", "Sol_Test\Sol_Test.csproj", "{31A8F213-6966-47A3-9FBA-6C862B3505B8}"
EndProject
Global
	GlobalSection(SolutionConfigurationPlatforms) = preSolution
		Debug|Any CPU = Debug|Any CPU
		Release|Any CPU = Release|Any CPU
	EndGlobalSection
	GlobalSection(ProjectConfigurationPlatforms) = postSolution
		{6B7A9F43-381F-43C4-8F2B-75C35B23DFEF}.Debug|Any CPU.ActiveCfg = Debug|Any CPU
		{6B7A9F43-381F-43C4-8F2B-75C35B23DFEF}.Debug|Any CPU.Build.0 = Debug|Any CPU
		{6B7A9F43-381F-43C4-8F2B-75C35B23DFEF}.Release|Any CPU.ActiveCfg = Release|Any CPU
		{6B7A9F43-381F-43C4-8F2B-75C35B23DFEF}.Release|Any CPU.Build.0 = Release|Any CPU
		{31A8F213-6966-47A3-9FBA-6C862B3505B8}.Debug|Any CPU.ActiveCfg = Debug|Any CPU
		{31A8F213-6966-47A3-9FBA-6C862B3505B8}.Debug|Any CPU.Build.0 = Debug|Any CPU
		{31A8F213-6966-47A3-9FBA-6C862B3505B8}.Release|Any CPU.ActiveCfg = Release|Any CPU
		{31A8F213-6966-47A3-9FBA-6C862B3505B8}.Release|Any CPU.Build.0 = Release|Any CPU
	EndGlobalSection
	GlobalSection(SolutionProperties) = preSolution
		HideSolutionNode = FALSE
	EndGlobalSection
	GlobalSection(ExtensibilityGlobals) = postSolution
		SolutionGuid = {0E2FED25-0525-4FB3-8670-0496AD45F2C7}
	EndGlobalSection
EndGlobal
